
Microsoft Visual Studio Solution File, Format Version 12.00
# Visual Studio 15
VisualStudioVersion = 15.0.27428.2005
MinimumVisualStudioVersion = 10.0.40219.1
Project("{9A19103F-16F7-4668-BE54-9A1E7A4F7556}") = "PayerAccount", "PayerAccount\PayerAccount.csproj", "{3E382C51-9F70-4774-B6D7-9C5EDFD205CD}"
EndProject
Project("{FAE04EC0-301F-11D3-BF4B-00C04F79EFBC}") = "PayerAccount.Test", "PayerAccount.Test\PayerAccount.Test.csproj", "{D846B352-79DF-4E70-825F-0733A3CE9C19}"
EndProject
Global
	GlobalSection(SolutionConfigurationPlatforms) = preSolution
		Debug|Any CPU = Debug|Any CPU
		Release|Any CPU = Release|Any CPU
	EndGlobalSection
	GlobalSection(ProjectConfigurationPlatforms) = postSolution
		{3E382C51-9F70-4774-B6D7-9C5EDFD205CD}.Debug|Any CPU.ActiveCfg = Debug|Any CPU
		{3E382C51-9F70-4774-B6D7-9C5EDFD205CD}.Debug|Any CPU.Build.0 = Debug|Any CPU
		{3E382C51-9F70-4774-B6D7-9C5EDFD205CD}.Release|Any CPU.ActiveCfg = Release|Any CPU
		{3E382C51-9F70-4774-B6D7-9C5EDFD205CD}.Release|Any CPU.Build.0 = Release|Any CPU
		{D846B352-79DF-4E70-825F-0733A3CE9C19}.Debug|Any CPU.ActiveCfg = Debug|Any CPU
		{D846B352-79DF-4E70-825F-0733A3CE9C19}.Debug|Any CPU.Build.0 = Debug|Any CPU
		{D846B352-79DF-4E70-825F-0733A3CE9C19}.Release|Any CPU.ActiveCfg = Release|Any CPU
		{D846B352-79DF-4E70-825F-0733A3CE9C19}.Release|Any CPU.Build.0 = Release|Any CPU
	EndGlobalSection
	GlobalSection(SolutionProperties) = preSolution
		HideSolutionNode = FALSE
	EndGlobalSection
	GlobalSection(ExtensibilityGlobals) = postSolution
		SolutionGuid = {00DF3ABE-967E-4243-BC4B-ED845EDA78A0}
	EndGlobalSection
EndGlobal
